
Microsoft Visual Studio Solution File, Format Version 11.00
# Visual Studio 2010
Project("{FAE04EC0-301F-11D3-BF4B-00C04F79EFBC}") = "HE853.Util", "HE853.Util\HE853.Util.csproj", "{BB8642F7-2F0B-42D8-A6EF-6F247A9BCE25}"
EndProject
Project("{FAE04EC0-301F-11D3-BF4B-00C04F79EFBC}") = "HE853.App", "HE853.App\HE853.App.csproj", "{1FED39A8-7AC4-4E5C-84C1-10A83FBBB6B5}"
EndProject
Project("{FAE04EC0-301F-11D3-BF4B-00C04F79EFBC}") = "HE853", "HE853\HE853.csproj", "{540C7AC8-6B11-4814-A22C-84580686B8ED}"
EndProject
Project("{FAE04EC0-301F-11D3-BF4B-00C04F79EFBC}") = "HE853.Service", "HE853.Service\HE853.Service.csproj", "{61A080F3-60D2-4841-9319-EF6A9C7B5BC9}"
EndProject
Project("{FAE04EC0-301F-11D3-BF4B-00C04F79EFBC}") = "HE853.RPC", "HE853.RPC\HE853.RPC.csproj", "{9E0798BC-7005-4064-947E-3A6291233C80}"
EndProject
Global
	GlobalSection(SolutionConfigurationPlatforms) = preSolution
		Debug|Any CPU = Debug|Any CPU
		Release|Any CPU = Release|Any CPU
	EndGlobalSection
	GlobalSection(ProjectConfigurationPlatforms) = postSolution
		{BB8642F7-2F0B-42D8-A6EF-6F247A9BCE25}.Debug|Any CPU.ActiveCfg = Debug|Any CPU
		{BB8642F7-2F0B-42D8-A6EF-6F247A9BCE25}.Debug|Any CPU.Build.0 = Debug|Any CPU
		{BB8642F7-2F0B-42D8-A6EF-6F247A9BCE25}.Release|Any CPU.ActiveCfg = Release|Any CPU
		{BB8642F7-2F0B-42D8-A6EF-6F247A9BCE25}.Release|Any CPU.Build.0 = Release|Any CPU
		{1FED39A8-7AC4-4E5C-84C1-10A83FBBB6B5}.Debug|Any CPU.ActiveCfg = Debug|Any CPU
		{1FED39A8-7AC4-4E5C-84C1-10A83FBBB6B5}.Debug|Any CPU.Build.0 = Debug|Any CPU
		{1FED39A8-7AC4-4E5C-84C1-10A83FBBB6B5}.Release|Any CPU.ActiveCfg = Release|Any CPU
		{1FED39A8-7AC4-4E5C-84C1-10A83FBBB6B5}.Release|Any CPU.Build.0 = Release|Any CPU
		{540C7AC8-6B11-4814-A22C-84580686B8ED}.Debug|Any CPU.ActiveCfg = Debug|Any CPU
		{540C7AC8-6B11-4814-A22C-84580686B8ED}.Debug|Any CPU.Build.0 = Debug|Any CPU
		{540C7AC8-6B11-4814-A22C-84580686B8ED}.Release|Any CPU.ActiveCfg = Release|Any CPU
		{540C7AC8-6B11-4814-A22C-84580686B8ED}.Release|Any CPU.Build.0 = Release|Any CPU
		{61A080F3-60D2-4841-9319-EF6A9C7B5BC9}.Debug|Any CPU.ActiveCfg = Debug|Any CPU
		{61A080F3-60D2-4841-9319-EF6A9C7B5BC9}.Debug|Any CPU.Build.0 = Debug|Any CPU
		{61A080F3-60D2-4841-9319-EF6A9C7B5BC9}.Release|Any CPU.ActiveCfg = Release|Any CPU
		{61A080F3-60D2-4841-9319-EF6A9C7B5BC9}.Release|Any CPU.Build.0 = Release|Any CPU
		{9E0798BC-7005-4064-947E-3A6291233C80}.Debug|Any CPU.ActiveCfg = Debug|Any CPU
		{9E0798BC-7005-4064-947E-3A6291233C80}.Debug|Any CPU.Build.0 = Debug|Any CPU
		{9E0798BC-7005-4064-947E-3A6291233C80}.Release|Any CPU.ActiveCfg = Release|Any CPU
		{9E0798BC-7005-4064-947E-3A6291233C80}.Release|Any CPU.Build.0 = Release|Any CPU
	EndGlobalSection
	GlobalSection(SolutionProperties) = preSolution
		HideSolutionNode = FALSE
	EndGlobalSection
EndGlobal
